
Microsoft Visual Studio Solution File, Format Version 12.00
# Visual Studio 15
VisualStudioVersion = 15.0.28307.421
MinimumVisualStudioVersion = 10.0.40219.1
Project("{8BC9CEB8-8B4A-11D0-8D11-00A0C91BC942}") = "MissileCommand", "MissileCommand\MissileCommand.vcxproj", "{4E9F5F83-95AD-4A2F-AFE5-571961860154}"
EndProject
Global
	GlobalSection(SolutionConfigurationPlatforms) = preSolution
		Debug|x64 = Debug|x64
		Debug|x86 = Debug|x86
		Release|x64 = Release|x64
		Release|x86 = Release|x86
	EndGlobalSection
	GlobalSection(ProjectConfigurationPlatforms) = postSolution
		{4E9F5F83-95AD-4A2F-AFE5-571961860154}.Debug|x64.ActiveCfg = Debug|x64
		{4E9F5F83-95AD-4A2F-AFE5-571961860154}.Debug|x64.Build.0 = Debug|x64
		{4E9F5F83-95AD-4A2F-AFE5-571961860154}.Debug|x86.ActiveCfg = Debug|Win32
		{4E9F5F83-95AD-4A2F-AFE5-571961860154}.Debug|x86.Build.0 = Debug|Win32
		{4E9F5F83-95AD-4A2F-AFE5-571961860154}.Release|x64.ActiveCfg = Release|x64
		{4E9F5F83-95AD-4A2F-AFE5-571961860154}.Release|x64.Build.0 = Release|x64
		{4E9F5F83-95AD-4A2F-AFE5-571961860154}.Release|x86.ActiveCfg = Release|Win32
		{4E9F5F83-95AD-4A2F-AFE5-571961860154}.Release|x86.Build.0 = Release|Win32
	EndGlobalSection
	GlobalSection(SolutionProperties) = preSolution
		HideSolutionNode = FALSE
	EndGlobalSection
	GlobalSection(ExtensibilityGlobals) = postSolution
		SolutionGuid = {AE39FB77-40E9-4DB6-861C-B9908B59B00E}
	EndGlobalSection
EndGlobal
